
Microsoft Visual Studio Solution File, Format Version 12.00
# Visual Studio Version 17
VisualStudioVersion = 17.2.32210.308
MinimumVisualStudioVersion = 10.0.40219.1
Project("{9A19103F-16F7-4668-BE54-9A1E7A4F7556}") = "Bravure", "src\Bravure\Bravure.csproj", "{577A55D7-23B5-467D-855D-BDF2AA421EE1}"
EndProject
Project("{2150E333-8FDC-42A3-9474-1A3956D46DE8}") = "src", "src", "{B6AACDBB-33A8-4358-9901-8F4E2AD96B8B}"
EndProject
Project("{2150E333-8FDC-42A3-9474-1A3956D46DE8}") = "build", "build", "{657081C5-70A5-49D5-B41A-757C86084707}"
	ProjectSection(SolutionItems) = preProject
		.dockerignore = .dockerignore
		.editorconfig = .editorconfig
		.gitignore = .gitignore
		.vsconfig = .vsconfig
		azure-pipeline-production-build.yml = azure-pipeline-production-build.yml
		azure-pipeline-production.yml = azure-pipeline-production.yml
		azure-pipelines-testing.yml = azure-pipelines-testing.yml
		azure-pipelines.yaml = azure-pipelines.yaml
		Bravure.Dockerfile = Bravure.Dockerfile
		global.json = global.json
		PdfGenerator.Dockerfile = PdfGenerator.Dockerfile
		README.md = README.md
	EndProjectSection
EndProject
Global
	GlobalSection(SolutionConfigurationPlatforms) = preSolution
		Debug|Any CPU = Debug|Any CPU
		Release|Any CPU = Release|Any CPU
	EndGlobalSection
	GlobalSection(ProjectConfigurationPlatforms) = postSolution
		{577A55D7-23B5-467D-855D-BDF2AA421EE1}.Debug|Any CPU.ActiveCfg = Debug|Any CPU
		{577A55D7-23B5-467D-855D-BDF2AA421EE1}.Debug|Any CPU.Build.0 = Debug|Any CPU
		{577A55D7-23B5-467D-855D-BDF2AA421EE1}.Release|Any CPU.ActiveCfg = Release|Any CPU
		{577A55D7-23B5-467D-855D-BDF2AA421EE1}.Release|Any CPU.Build.0 = Release|Any CPU
	EndGlobalSection
	GlobalSection(SolutionProperties) = preSolution
		HideSolutionNode = FALSE
	EndGlobalSection
	GlobalSection(NestedProjects) = preSolution
		{577A55D7-23B5-467D-855D-BDF2AA421EE1} = {B6AACDBB-33A8-4358-9901-8F4E2AD96B8B}
	EndGlobalSection
	GlobalSection(ExtensibilityGlobals) = postSolution
		SolutionGuid = {BE13D6EC-E0B0-4C5D-BED6-0BA3642F59DC}
	EndGlobalSection
EndGlobal
